{
  "requires": true,
  "lockfileVersion": 1,
  "dependencies": {
    "file-saver": {
      "version": "2.0.0",
      "resolved": "https://registry.npmjs.org/file-saver/-/file-saver-2.0.0.tgz",
      "integrity": "sha512-cYM1ic5DAkg25pHKgi5f10ziAM7RJU37gaH1XQlyNDrtUnzhC/dfoV9zf2OmF0RMKi42jG5B0JWBnPQqyj/G6g=="
    }
  }
}
